
Microsoft Visual Studio Solution File, Format Version 12.00
# Visual Studio Version 17
VisualStudioVersion = 17.10.35122.118
MinimumVisualStudioVersion = 10.0.40219.1
Project("{FAE04EC0-301F-11D3-BF4B-00C04F79EFBC}") = "WpfForPrism", "WpfForPrism\WpfForPrism.csproj", "{45A03B32-9B2D-45A9-A4FA-1FD814B651FC}"
EndProject
Global
	GlobalSection(SolutionConfigurationPlatforms) = preSolution
		Debug|Any CPU = Debug|Any CPU
		Release|Any CPU = Release|Any CPU
	EndGlobalSection
	GlobalSection(ProjectConfigurationPlatforms) = postSolution
		{45A03B32-9B2D-45A9-A4FA-1FD814B651FC}.Debug|Any CPU.ActiveCfg = Debug|Any CPU
		{45A03B32-9B2D-45A9-A4FA-1FD814B651FC}.Debug|Any CPU.Build.0 = Debug|Any CPU
		{45A03B32-9B2D-45A9-A4FA-1FD814B651FC}.Release|Any CPU.ActiveCfg = Release|Any CPU
		{45A03B32-9B2D-45A9-A4FA-1FD814B651FC}.Release|Any CPU.Build.0 = Release|Any CPU
	EndGlobalSection
	GlobalSection(SolutionProperties) = preSolution
		HideSolutionNode = FALSE
	EndGlobalSection
	GlobalSection(ExtensibilityGlobals) = postSolution
		SolutionGuid = {4934F707-1CC9-4F9E-8DF7-DF5C2B2ABC49}
	EndGlobalSection
EndGlobal
